
Microsoft Visual Studio Solution File, Format Version 12.00
# Visual Studio Version 16
VisualStudioVersion = 16.0.31105.61
MinimumVisualStudioVersion = 10.0.40219.1
Project("{FAE04EC0-301F-11D3-BF4B-00C04F79EFBC}") = "LinQ2", "LinQ2.csproj", "{8FD8A4DB-900F-4160-9789-B599B7B42413}"
EndProject
Global
	GlobalSection(SolutionConfigurationPlatforms) = preSolution
		Debug|Any CPU = Debug|Any CPU
		Release|Any CPU = Release|Any CPU
	EndGlobalSection
	GlobalSection(ProjectConfigurationPlatforms) = postSolution
		{8FD8A4DB-900F-4160-9789-B599B7B42413}.Debug|Any CPU.ActiveCfg = Debug|Any CPU
		{8FD8A4DB-900F-4160-9789-B599B7B42413}.Debug|Any CPU.Build.0 = Debug|Any CPU
		{8FD8A4DB-900F-4160-9789-B599B7B42413}.Release|Any CPU.ActiveCfg = Release|Any CPU
		{8FD8A4DB-900F-4160-9789-B599B7B42413}.Release|Any CPU.Build.0 = Release|Any CPU
	EndGlobalSection
	GlobalSection(SolutionProperties) = preSolution
		HideSolutionNode = FALSE
	EndGlobalSection
	GlobalSection(ExtensibilityGlobals) = postSolution
		SolutionGuid = {B3199D54-7045-4594-B65E-5A3CBBC6369A}
	EndGlobalSection
EndGlobal
